
Microsoft Visual Studio Solution File, Format Version 12.00
# Visual Studio Version 17
VisualStudioVersion = 17.12.35514.174
MinimumVisualStudioVersion = 10.0.40219.1
Project("{FAE04EC0-301F-11D3-BF4B-00C04F79EFBC}") = "Demo 04", "Demo 04\Demo 04.csproj", "{68942C0A-CDC2-4401-93DD-98B06C8BBC93}"
EndProject
Project("{FAE04EC0-301F-11D3-BF4B-00C04F79EFBC}") = "Assignment 04 Q1", "Assignment 04 Q1\Assignment 04 Q1.csproj", "{0E33AE8C-2528-48B2-A6EE-ED80F4286517}"
EndProject
Project("{FAE04EC0-301F-11D3-BF4B-00C04F79EFBC}") = "Assignment 04 Q2", "Assignment 04 Q2\Assignment 04 Q2.csproj", "{53B90E04-D568-4CCC-A58E-0D3121AE47DC}"
EndProject
Project("{FAE04EC0-301F-11D3-BF4B-00C04F79EFBC}") = "Assignment 04 Q3", "Assignment 04 Q3\Assignment 04 Q3.csproj", "{2F5A52E7-2EDC-48F5-99DF-7B3A81CD1660}"
EndProject
Global
	GlobalSection(SolutionConfigurationPlatforms) = preSolution
		Debug|Any CPU = Debug|Any CPU
		Release|Any CPU = Release|Any CPU
	EndGlobalSection
	GlobalSection(ProjectConfigurationPlatforms) = postSolution
		{68942C0A-CDC2-4401-93DD-98B06C8BBC93}.Debug|Any CPU.ActiveCfg = Debug|Any CPU
		{68942C0A-CDC2-4401-93DD-98B06C8BBC93}.Debug|Any CPU.Build.0 = Debug|Any CPU
		{68942C0A-CDC2-4401-93DD-98B06C8BBC93}.Release|Any CPU.ActiveCfg = Release|Any CPU
		{68942C0A-CDC2-4401-93DD-98B06C8BBC93}.Release|Any CPU.Build.0 = Release|Any CPU
		{0E33AE8C-2528-48B2-A6EE-ED80F4286517}.Debug|Any CPU.ActiveCfg = Debug|Any CPU
		{0E33AE8C-2528-48B2-A6EE-ED80F4286517}.Debug|Any CPU.Build.0 = Debug|Any CPU
		{0E33AE8C-2528-48B2-A6EE-ED80F4286517}.Release|Any CPU.ActiveCfg = Release|Any CPU
		{0E33AE8C-2528-48B2-A6EE-ED80F4286517}.Release|Any CPU.Build.0 = Release|Any CPU
		{53B90E04-D568-4CCC-A58E-0D3121AE47DC}.Debug|Any CPU.ActiveCfg = Debug|Any CPU
		{53B90E04-D568-4CCC-A58E-0D3121AE47DC}.Debug|Any CPU.Build.0 = Debug|Any CPU
		{53B90E04-D568-4CCC-A58E-0D3121AE47DC}.Release|Any CPU.ActiveCfg = Release|Any CPU
		{53B90E04-D568-4CCC-A58E-0D3121AE47DC}.Release|Any CPU.Build.0 = Release|Any CPU
		{2F5A52E7-2EDC-48F5-99DF-7B3A81CD1660}.Debug|Any CPU.ActiveCfg = Debug|Any CPU
		{2F5A52E7-2EDC-48F5-99DF-7B3A81CD1660}.Debug|Any CPU.Build.0 = Debug|Any CPU
		{2F5A52E7-2EDC-48F5-99DF-7B3A81CD1660}.Release|Any CPU.ActiveCfg = Release|Any CPU
		{2F5A52E7-2EDC-48F5-99DF-7B3A81CD1660}.Release|Any CPU.Build.0 = Release|Any CPU
	EndGlobalSection
	GlobalSection(SolutionProperties) = preSolution
		HideSolutionNode = FALSE
	EndGlobalSection
EndGlobal
